PODS:
  - AFNetworking (2.2.1):
    - AFNetworking/NSURLConnection
    - AFNetworking/NSURLSession
    - AFNetworking/Reachability
    - AFNetworking/Security
    - AFNetworking/Serialization
    - AFNetworking/UIKit
  - AFNetworking/NSURLConnection (2.2.1):
    - AFNetworking/Reachability
    - AFNetworking/Security
    - AFNetworking/Serialization
  - AFNetworking/NSURLSession (2.2.1):
    - AFNetworking/NSURLConnection
  - AFNetworking/Reachability (2.2.1)
  - AFNetworking/Security (2.2.1)
  - AFNetworking/Serialization (2.2.1)
  - AFNetworking/UIKit (2.2.1):
    - AFNetworking/NSURLConnection
    - AFNetworking/NSURLSession
  - BlocksKit (2.2.0):
    - BlocksKit/All
  - BlocksKit/All (2.2.0):
    - BlocksKit/Core
    - BlocksKit/DynamicDelegate
    - BlocksKit/MessageUI
    - BlocksKit/UIKit
  - BlocksKit/Core (2.2.0)
  - BlocksKit/DynamicDelegate (2.2.0):
    - BlocksKit/MiniFFI
  - BlocksKit/MessageUI (2.2.0):
    - BlocksKit/Core
    - BlocksKit/DynamicDelegate
  - BlocksKit/MiniFFI (2.2.0)
  - BlocksKit/UIKit (2.2.0):
    - BlocksKit/Core
    - BlocksKit/DynamicDelegate
  - HHPanningTableViewCell (2.0.1)
  - HockeySDK (3.5.4)
  - LightsKit (1.0.5):
    - AFNetworking
    - SocketRocket
  - SocketRocket (0.3.1-beta2)
  - SSKeychain (1.2.1)

DEPENDENCIES:
  - BlocksKit
  - HHPanningTableViewCell (from `https://github.com/gloubibou/HHPanningTableViewCell.git`)
  - HockeySDK (~> 3.5)
  - LightsKit (from `https://github.com/edc1591/LightsKit.git`)
  - SSKeychain

EXTERNAL SOURCES:
  HHPanningTableViewCell:
    :git: https://github.com/gloubibou/HHPanningTableViewCell.git
  LightsKit:
    :git: https://github.com/edc1591/LightsKit.git

SPEC CHECKSUMS:
  AFNetworking: 0121f4b69be3fa58d1ab317866e036e12ac9651d
  BlocksKit: 1b106f407a11997fd79e1da31453758e51277613
  HHPanningTableViewCell: 3b320762f2c32330c45c8d325fe010bbe42bf8e6
  HockeySDK: 4f7f7e15c1f594e8ca1e16a09f04e7418289de7a
  LightsKit: 46c8403ca4a2bcc3d5ee780d9498324a09ff5ed0
  SocketRocket: 7ac946bcce46287a791dfff3c1f8daa692821dae
  SSKeychain: d18926838c2e7cd342e2a49e9f869858e49f035a

COCOAPODS: 0.29.0
