// !$*UTF8*$!
{
	archiveVersion = 1;
	classes = {
	};
	objectVersion = 46;
	objects = {

/* Begin PBXBuildFile section */
		201B38AF1859684900921132 /* LTColorWheelViewController.m in Sources */ = {isa = PBXBuildFile; fileRef = 201B38AE1859684900921132 /* LTColorWheelViewController.m */; };
		201DA55D184EC5D00061E8C3 /* LTPanningTableViewCell.m in Sources */ = {isa = PBXBuildFile; fileRef = 201DA55C184EC5D00061E8C3 /* LTPanningTableViewCell.m */; };
		201DA560184ED6A80061E8C3 /* LTInnerShadowView.m in Sources */ = {isa = PBXBuildFile; fileRef = 201DA55F184ED6A80061E8C3 /* LTInnerShadowView.m */; };
		2020034F186D3872008678EA /* LTX10BaseViewController.m in Sources */ = {isa = PBXBuildFile; fileRef = 2020034E186D3872008678EA /* LTX10BaseViewController.m */; };
		20200352186D394A008678EA /* LTX10RoomsViewController.m in Sources */ = {isa = PBXBuildFile; fileRef = 20200351186D394A008678EA /* LTX10RoomsViewController.m */; };
		20200355186D3956008678EA /* LTX10PresetsViewController.m in Sources */ = {isa = PBXBuildFile; fileRef = 20200354186D3956008678EA /* LTX10PresetsViewController.m */; };
		2024351F1845926A00DD8EC1 /* Foundation.framework in Frameworks */ = {isa = PBXBuildFile; fileRef = 2024351E1845926A00DD8EC1 /* Foundation.framework */; };
		202435211845926A00DD8EC1 /* CoreGraphics.framework in Frameworks */ = {isa = PBXBuildFile; fileRef = 202435201845926A00DD8EC1 /* CoreGraphics.framework */; };
		202435231845926A00DD8EC1 /* UIKit.framework in Frameworks */ = {isa = PBXBuildFile; fileRef = 202435221845926A00DD8EC1 /* UIKit.framework */; };
		202435291845926A00DD8EC1 /* InfoPlist.strings in Resources */ = {isa = PBXBuildFile; fileRef = 202435271845926A00DD8EC1 /* InfoPlist.strings */; };
		2024352B1845926A00DD8EC1 /* main.m in Sources */ = {isa = PBXBuildFile; fileRef = 2024352A1845926A00DD8EC1 /* main.m */; };
		2024352F1845926A00DD8EC1 /* LTAppDelegate.m in Sources */ = {isa = PBXBuildFile; fileRef = 2024352E1845926A00DD8EC1 /* LTAppDelegate.m */; };
		202435441845926A00DD8EC1 /* XCTest.framework in Frameworks */ = {isa = PBXBuildFile; fileRef = 202435431845926A00DD8EC1 /* XCTest.framework */; };
		202435451845926A00DD8EC1 /* Foundation.framework in Frameworks */ = {isa = PBXBuildFile; fileRef = 2024351E1845926A00DD8EC1 /* Foundation.framework */; };
		202435461845926A00DD8EC1 /* UIKit.framework in Frameworks */ = {isa = PBXBuildFile; fileRef = 202435221845926A00DD8EC1 /* UIKit.framework */; };
		2024354E1845926A00DD8EC1 /* InfoPlist.strings in Resources */ = {isa = PBXBuildFile; fileRef = 2024354C1845926A00DD8EC1 /* InfoPlist.strings */; };
		202435501845926A00DD8EC1 /* LightsTests.m in Sources */ = {isa = PBXBuildFile; fileRef = 2024354F1845926A00DD8EC1 /* LightsTests.m */; };
		2024355B1845937A00DD8EC1 /* LTX10DevicesViewController.m in Sources */ = {isa = PBXBuildFile; fileRef = 2024355A1845937A00DD8EC1 /* LTX10DevicesViewController.m */; };
		2024355E1845952D00DD8EC1 /* LTLoadingViewController.m in Sources */ = {isa = PBXBuildFile; fileRef = 2024355D1845952D00DD8EC1 /* LTLoadingViewController.m */; };
		202435701845961100DD8EC1 /* dark.png in Resources */ = {isa = PBXBuildFile; fileRef = 202435601845961100DD8EC1 /* dark.png */; };
		202435711845961100DD8EC1 /* dark@2x.png in Resources */ = {isa = PBXBuildFile; fileRef = 202435611845961100DD8EC1 /* dark@2x.png */; };
		202435721845961100DD8EC1 /* flower.png in Resources */ = {isa = PBXBuildFile; fileRef = 202435621845961100DD8EC1 /* flower.png */; };
		202435731845961100DD8EC1 /* flower@2x.png in Resources */ = {isa = PBXBuildFile; fileRef = 202435631845961100DD8EC1 /* flower@2x.png */; };
		202435741845961100DD8EC1 /* gear.png in Resources */ = {isa = PBXBuildFile; fileRef = 202435641845961100DD8EC1 /* gear.png */; };
		202435751845961100DD8EC1 /* gear@2x.png in Resources */ = {isa = PBXBuildFile; fileRef = 202435651845961100DD8EC1 /* gear@2x.png */; };
		202435761845961100DD8EC1 /* house.png in Resources */ = {isa = PBXBuildFile; fileRef = 202435661845961100DD8EC1 /* house.png */; };
		202435771845961100DD8EC1 /* house@2x.png in Resources */ = {isa = PBXBuildFile; fileRef = 202435671845961100DD8EC1 /* house@2x.png */; };
		202435781845961100DD8EC1 /* now.png in Resources */ = {isa = PBXBuildFile; fileRef = 202435681845961100DD8EC1 /* now.png */; };
		202435791845961100DD8EC1 /* now@2x.png in Resources */ = {isa = PBXBuildFile; fileRef = 202435691845961100DD8EC1 /* now@2x.png */; };
		2024357A1845961100DD8EC1 /* rabbit.png in Resources */ = {isa = PBXBuildFile; fileRef = 2024356A1845961100DD8EC1 /* rabbit.png */; };
		2024357B1845961100DD8EC1 /* rabbit@2x.png in Resources */ = {isa = PBXBuildFile; fileRef = 2024356B1845961100DD8EC1 /* rabbit@2x.png */; };
		2024357C1845961100DD8EC1 /* schedule.png in Resources */ = {isa = PBXBuildFile; fileRef = 2024356C1845961100DD8EC1 /* schedule.png */; };
		2024357D1845961100DD8EC1 /* schedule@2x.png in Resources */ = {isa = PBXBuildFile; fileRef = 2024356D1845961100DD8EC1 /* schedule@2x.png */; };
		2024357E1845961100DD8EC1 /* turtle.png in Resources */ = {isa = PBXBuildFile; fileRef = 2024356E1845961100DD8EC1 /* turtle.png */; };
		2024357F1845961100DD8EC1 /* turtle@2x.png in Resources */ = {isa = PBXBuildFile; fileRef = 2024356F1845961100DD8EC1 /* turtle@2x.png */; };
		202435821845A4AD00DD8EC1 /* LTTableDrawerView.m in Sources */ = {isa = PBXBuildFile; fileRef = 202435811845A4AD00DD8EC1 /* LTTableDrawerView.m */; };
		20329D8D185CF2680082D958 /* LTScheduleTableViewController.m in Sources */ = {isa = PBXBuildFile; fileRef = 20329D8C185CF2680082D958 /* LTScheduleTableViewController.m */; };
		20329D90185CF4FE0082D958 /* LTScheduleCell.m in Sources */ = {isa = PBXBuildFile; fileRef = 20329D8F185CF4FE0082D958 /* LTScheduleCell.m */; };
		203578F8184A8DBF00DAC1B8 /* Security.framework in Frameworks */ = {isa = PBXBuildFile; fileRef = 203578F7184A8DBE00DAC1B8 /* Security.framework */; };
		20357900184AAEBC00DAC1B8 /* Images.xcassets in Resources */ = {isa = PBXBuildFile; fileRef = 203578FF184AAEBC00DAC1B8 /* Images.xcassets */; };
		2070264F18D1168F004DE165 /* LTBeaconsViewController.m in Sources */ = {isa = PBXBuildFile; fileRef = 2070264E18D1168F004DE165 /* LTBeaconsViewController.m */; };
		2070265518D141A3004DE165 /* LTBeaconManager.m in Sources */ = {isa = PBXBuildFile; fileRef = 2070265418D141A3004DE165 /* LTBeaconManager.m */; };
		2070265A18D1434D004DE165 /* CoreLocation.framework in Frameworks */ = {isa = PBXBuildFile; fileRef = 2070265918D1434D004DE165 /* CoreLocation.framework */; };
		20709965185AB1AA004B9898 /* checkerboard.png in Resources */ = {isa = PBXBuildFile; fileRef = 2070994D185AB1AA004B9898 /* checkerboard.png */; };
		20709966185AB1AA004B9898 /* checkerboard@2x.png in Resources */ = {isa = PBXBuildFile; fileRef = 2070994E185AB1AA004B9898 /* checkerboard@2x.png */; };
		20709967185AB1AA004B9898 /* colorPickerKnob.png in Resources */ = {isa = PBXBuildFile; fileRef = 2070994F185AB1AA004B9898 /* colorPickerKnob.png */; };
		20709968185AB1AA004B9898 /* colorPickerKnob@2x.png in Resources */ = {isa = PBXBuildFile; fileRef = 20709950185AB1AA004B9898 /* colorPickerKnob@2x.png */; };
		20709969185AB1AA004B9898 /* HSV.c in Sources */ = {isa = PBXBuildFile; fileRef = 20709951185AB1AA004B9898 /* HSV.c */; settings = {COMPILER_FLAGS = "-fno-objc-arc"; }; };
		2070996A185AB1AA004B9898 /* KZColorCompareView.m in Sources */ = {isa = PBXBuildFile; fileRef = 20709954185AB1AA004B9898 /* KZColorCompareView.m */; settings = {COMPILER_FLAGS = "-fno-objc-arc"; }; };
		2070996B185AB1AA004B9898 /* KZColorPicker.m in Sources */ = {isa = PBXBuildFile; fileRef = 20709956185AB1AA004B9898 /* KZColorPicker.m */; settings = {COMPILER_FLAGS = "-fno-objc-arc"; }; };
		2070996C185AB1AA004B9898 /* KZColorPickerAlphaSlider.m in Sources */ = {isa = PBXBuildFile; fileRef = 20709958185AB1AA004B9898 /* KZColorPickerAlphaSlider.m */; settings = {COMPILER_FLAGS = "-fno-objc-arc"; }; };
		2070996D185AB1AA004B9898 /* KZColorPickerBrightnessSlider.m in Sources */ = {isa = PBXBuildFile; fileRef = 2070995A185AB1AA004B9898 /* KZColorPickerBrightnessSlider.m */; settings = {COMPILER_FLAGS = "-fno-objc-arc"; }; };
		2070996E185AB1AA004B9898 /* KZColorPickerHSWheel.m in Sources */ = {isa = PBXBuildFile; fileRef = 2070995C185AB1AA004B9898 /* KZColorPickerHSWheel.m */; settings = {COMPILER_FLAGS = "-fno-objc-arc"; }; };
		2070996F185AB1AA004B9898 /* KZColorPickerSwatchView.m in Sources */ = {isa = PBXBuildFile; fileRef = 2070995E185AB1AA004B9898 /* KZColorPickerSwatchView.m */; settings = {COMPILER_FLAGS = "-fno-objc-arc"; }; };
		20709970185AB1AA004B9898 /* KZUnitSlider.m in Sources */ = {isa = PBXBuildFile; fileRef = 20709960185AB1AA004B9898 /* KZUnitSlider.m */; settings = {COMPILER_FLAGS = "-fno-objc-arc"; }; };
		20709971185AB1AA004B9898 /* pickerColorWheel.png in Resources */ = {isa = PBXBuildFile; fileRef = 20709961185AB1AA004B9898 /* pickerColorWheel.png */; };
		20709972185AB1AA004B9898 /* pickerColorWheel@2x.png in Resources */ = {isa = PBXBuildFile; fileRef = 20709962185AB1AA004B9898 /* pickerColorWheel@2x.png */; };
		20709973185AB1AA004B9898 /* UIColor-Expanded.m in Sources */ = {isa = PBXBuildFile; fileRef = 20709964185AB1AA004B9898 /* UIColor-Expanded.m */; settings = {COMPILER_FLAGS = "-fno-objc-arc"; }; };
		2070997C185ABC8D004B9898 /* LTColorAnimateViewController.m in Sources */ = {isa = PBXBuildFile; fileRef = 2070997B185ABC8D004B9898 /* LTColorAnimateViewController.m */; };
		20709983185ACC3B004B9898 /* LTColorSwatchesViewController.m in Sources */ = {isa = PBXBuildFile; fileRef = 20709982185ACC3B004B9898 /* LTColorSwatchesViewController.m */; };
		20A49A3B1846B40F004A0539 /* libTestFlight.a in Frameworks */ = {isa = PBXBuildFile; fileRef = 20A49A3A1846B40F004A0539 /* libTestFlight.a */; };
		20A49A411846DDA1004A0539 /* libz.dylib in Frameworks */ = {isa = PBXBuildFile; fileRef = 20A49A401846DDA1004A0539 /* libz.dylib */; };
		20B4096A184664BE00F0016A /* LTSettingsViewController.m in Sources */ = {isa = PBXBuildFile; fileRef = 20B40969184664BE00F0016A /* LTSettingsViewController.m */; };
		20B4096D18466A1500F0016A /* LTColorBaseViewController.m in Sources */ = {isa = PBXBuildFile; fileRef = 20B4096C18466A1500F0016A /* LTColorBaseViewController.m */; };
		20B716801862ADA2002AA564 /* LTEventAddViewController.m in Sources */ = {isa = PBXBuildFile; fileRef = 20B7167F1862ADA2002AA564 /* LTEventAddViewController.m */; };
		20B716841862AFA3002AA564 /* LTGroupedTableViewController.m in Sources */ = {isa = PBXBuildFile; fileRef = 20B716831862AFA3002AA564 /* LTGroupedTableViewController.m */; };
		20C27AD3186E18BE002E6163 /* LTRoomCell.m in Sources */ = {isa = PBXBuildFile; fileRef = 20C27AD2186E18BE002E6163 /* LTRoomCell.m */; };
		20C533FF1862B25000E2FF7E /* LTScheduleAddViewController.m in Sources */ = {isa = PBXBuildFile; fileRef = 20C533FE1862B25000E2FF7E /* LTScheduleAddViewController.m */; };
		20C534031862B9C400E2FF7E /* LTDatePickerCell.m in Sources */ = {isa = PBXBuildFile; fileRef = 20C534021862B9C400E2FF7E /* LTDatePickerCell.m */; };
		41A7A9EBE8784F9194B187BE /* libPods.a in Frameworks */ = {isa = PBXBuildFile; fileRef = 8D0E8E36EC0F4B32AA11387D /* libPods.a */; };
/* End PBXBuildFile section */

/* Begin PBXContainerItemProxy section */
		202435471845926A00DD8EC1 /* PBXContainerItemProxy */ = {
			isa = PBXContainerItemProxy;
			containerPortal = 202435131845926A00DD8EC1 /* Project object */;
			proxyType = 1;
			remoteGlobalIDString = 2024351A1845926A00DD8EC1;
			remoteInfo = Lights;
		};
/* End PBXContainerItemProxy section */

/* Begin PBXFileReference section */
		201B38AD1859684900921132 /* LTColorWheelViewController.h */ = {isa = PBXFileReference; fileEncoding = 4; lastKnownFileType = sourcecode.c.h; path = LTColorWheelViewController.h; sourceTree = "<group>"; };
		201B38AE1859684900921132 /* LTColorWheelViewController.m */ = {isa = PBXFileReference; fileEncoding = 4; lastKnownFileType = sourcecode.c.objc; path = LTColorWheelViewController.m; sourceTree = "<group>"; };
		201DA55B184EC5D00061E8C3 /* LTPanningTableViewCell.h */ = {isa = PBXFileReference; fileEncoding = 4; lastKnownFileType = sourcecode.c.h; path = LTPanningTableViewCell.h; sourceTree = "<group>"; };
		201DA55C184EC5D00061E8C3 /* LTPanningTableViewCell.m */ = {isa = PBXFileReference; fileEncoding = 4; lastKnownFileType = sourcecode.c.objc; path = LTPanningTableViewCell.m; sourceTree = "<group>"; };
		201DA55E184ED6A80061E8C3 /* LTInnerShadowView.h */ = {isa = PBXFileReference; fileEncoding = 4; lastKnownFileType = sourcecode.c.h; path = LTInnerShadowView.h; sourceTree = "<group>"; };
		201DA55F184ED6A80061E8C3 /* LTInnerShadowView.m */ = {isa = PBXFileReference; fileEncoding = 4; lastKnownFileType = sourcecode.c.objc; path = LTInnerShadowView.m; sourceTree = "<group>"; };
		2020034D186D3872008678EA /* LTX10BaseViewController.h */ = {isa = PBXFileReference; fileEncoding = 4; lastKnownFileType = sourcecode.c.h; path = LTX10BaseViewController.h; sourceTree = "<group>"; };
		2020034E186D3872008678EA /* LTX10BaseViewController.m */ = {isa = PBXFileReference; fileEncoding = 4; lastKnownFileType = sourcecode.c.objc; path = LTX10BaseViewController.m; sourceTree = "<group>"; };
		20200350186D394A008678EA /* LTX10RoomsViewController.h */ = {isa = PBXFileReference; fileEncoding = 4; lastKnownFileType = sourcecode.c.h; path = LTX10RoomsViewController.h; sourceTree = "<group>"; };
		20200351186D394A008678EA /* LTX10RoomsViewController.m */ = {isa = PBXFileReference; fileEncoding = 4; lastKnownFileType = sourcecode.c.objc; path = LTX10RoomsViewController.m; sourceTree = "<group>"; };
		20200353186D3956008678EA /* LTX10PresetsViewController.h */ = {isa = PBXFileReference; fileEncoding = 4; lastKnownFileType = sourcecode.c.h; path = LTX10PresetsViewController.h; sourceTree = "<group>"; };
		20200354186D3956008678EA /* LTX10PresetsViewController.m */ = {isa = PBXFileReference; fileEncoding = 4; lastKnownFileType = sourcecode.c.objc; path = LTX10PresetsViewController.m; sourceTree = "<group>"; };
		2024351B1845926A00DD8EC1 /* Lights.app */ = {isa = PBXFileReference; explicitFileType = wrapper.application; includeInIndex = 0; path = Lights.app; sourceTree = BUILT_PRODUCTS_DIR; };
		2024351E1845926A00DD8EC1 /* Foundation.framework */ = {isa = PBXFileReference; lastKnownFileType = wrapper.framework; name = Foundation.framework; path = System/Library/Frameworks/Foundation.framework; sourceTree = SDKROOT; };
		202435201845926A00DD8EC1 /* CoreGraphics.framework */ = {isa = PBXFileReference; lastKnownFileType = wrapper.framework; name = CoreGraphics.framework; path = System/Library/Frameworks/CoreGraphics.framework; sourceTree = SDKROOT; };
		202435221845926A00DD8EC1 /* UIKit.framework */ = {isa = PBXFileReference; lastKnownFileType = wrapper.framework; name = UIKit.framework; path = System/Library/Frameworks/UIKit.framework; sourceTree = SDKROOT; };
		202435261845926A00DD8EC1 /* Lights-Info.plist */ = {isa = PBXFileReference; lastKnownFileType = text.plist.xml; path = "Lights-Info.plist"; sourceTree = "<group>"; };
		202435281845926A00DD8EC1 /* en */ = {isa = PBXFileReference; lastKnownFileType = text.plist.strings; name = en; path = en.lproj/InfoPlist.strings; sourceTree = "<group>"; };
		2024352A1845926A00DD8EC1 /* main.m */ = {isa = PBXFileReference; lastKnownFileType = sourcecode.c.objc; path = main.m; sourceTree = "<group>"; };
		2024352C1845926A00DD8EC1 /* Lights-Prefix.pch */ = {isa = PBXFileReference; lastKnownFileType = sourcecode.c.h; path = "Lights-Prefix.pch"; sourceTree = "<group>"; };
		2024352D1845926A00DD8EC1 /* LTAppDelegate.h */ = {isa = PBXFileReference; lastKnownFileType = sourcecode.c.h; path = LTAppDelegate.h; sourceTree = "<group>"; };
		2024352E1845926A00DD8EC1 /* LTAppDelegate.m */ = {isa = PBXFileReference; lastKnownFileType = sourcecode.c.objc; path = LTAppDelegate.m; sourceTree = "<group>"; };
		202435421845926A00DD8EC1 /* LightsTests.xctest */ = {isa = PBXFileReference; explicitFileType = wrapper.cfbundle; includeInIndex = 0; path = LightsTests.xctest; sourceTree = BUILT_PRODUCTS_DIR; };
		202435431845926A00DD8EC1 /* XCTest.framework */ = {isa = PBXFileReference; lastKnownFileType = wrapper.framework; name = XCTest.framework; path = Library/Frameworks/XCTest.framework; sourceTree = DEVELOPER_DIR; };
		2024354B1845926A00DD8EC1 /* LightsTests-Info.plist */ = {isa = PBXFileReference; lastKnownFileType = text.plist.xml; path = "LightsTests-Info.plist"; sourceTree = "<group>"; };
		2024354D1845926A00DD8EC1 /* en */ = {isa = PBXFileReference; lastKnownFileType = text.plist.strings; name = en; path = en.lproj/InfoPlist.strings; sourceTree = "<group>"; };
		2024354F1845926A00DD8EC1 /* LightsTests.m */ = {isa = PBXFileReference; lastKnownFileType = sourcecode.c.objc; path = LightsTests.m; sourceTree = "<group>"; };
		202435591845937A00DD8EC1 /* LTX10DevicesViewController.h */ = {isa = PBXFileReference; fileEncoding = 4; lastKnownFileType = sourcecode.c.h; path = LTX10DevicesViewController.h; sourceTree = "<group>"; };
		2024355A1845937A00DD8EC1 /* LTX10DevicesViewController.m */ = {isa = PBXFileReference; fileEncoding = 4; lastKnownFileType = sourcecode.c.objc; path = LTX10DevicesViewController.m; sourceTree = "<group>"; };
		2024355C1845952D00DD8EC1 /* LTLoadingViewController.h */ = {isa = PBXFileReference; fileEncoding = 4; lastKnownFileType = sourcecode.c.h; path = LTLoadingViewController.h; sourceTree = "<group>"; };
		2024355D1845952D00DD8EC1 /* LTLoadingViewController.m */ = {isa = PBXFileReference; fileEncoding = 4; lastKnownFileType = sourcecode.c.objc; path = LTLoadingViewController.m; sourceTree = "<group>"; };
		202435601845961100DD8EC1 /* dark.png */ = {isa = PBXFileReference; lastKnownFileType = image.png; path = dark.png; sourceTree = "<group>"; };
		202435611845961100DD8EC1 /* dark@2x.png */ = {isa = PBXFileReference; lastKnownFileType = image.png; path = "dark@2x.png"; sourceTree = "<group>"; };
		202435621845961100DD8EC1 /* flower.png */ = {isa = PBXFileReference; lastKnownFileType = image.png; path = flower.png; sourceTree = "<group>"; };
		202435631845961100DD8EC1 /* flower@2x.png */ = {isa = PBXFileReference; lastKnownFileType = image.png; path = "flower@2x.png"; sourceTree = "<group>"; };
		202435641845961100DD8EC1 /* gear.png */ = {isa = PBXFileReference; lastKnownFileType = image.png; path = gear.png; sourceTree = "<group>"; };
		202435651845961100DD8EC1 /* gear@2x.png */ = {isa = PBXFileReference; lastKnownFileType = image.png; path = "gear@2x.png"; sourceTree = "<group>"; };
		202435661845961100DD8EC1 /* house.png */ = {isa = PBXFileReference; lastKnownFileType = image.png; path = house.png; sourceTree = "<group>"; };
		202435671845961100DD8EC1 /* house@2x.png */ = {isa = PBXFileReference; lastKnownFileType = image.png; path = "house@2x.png"; sourceTree = "<group>"; };
		202435681845961100DD8EC1 /* now.png */ = {isa = PBXFileReference; lastKnownFileType = image.png; path = now.png; sourceTree = "<group>"; };
		202435691845961100DD8EC1 /* now@2x.png */ = {isa = PBXFileReference; lastKnownFileType = image.png; path = "now@2x.png"; sourceTree = "<group>"; };
		2024356A1845961100DD8EC1 /* rabbit.png */ = {isa = PBXFileReference; lastKnownFileType = image.png; path = rabbit.png; sourceTree = "<group>"; };
		2024356B1845961100DD8EC1 /* rabbit@2x.png */ = {isa = PBXFileReference; lastKnownFileType = image.png; path = "rabbit@2x.png"; sourceTree = "<group>"; };
		2024356C1845961100DD8EC1 /* schedule.png */ = {isa = PBXFileReference; lastKnownFileType = image.png; path = schedule.png; sourceTree = "<group>"; };
		2024356D1845961100DD8EC1 /* schedule@2x.png */ = {isa = PBXFileReference; lastKnownFileType = image.png; path = "schedule@2x.png"; sourceTree = "<group>"; };
		2024356E1845961100DD8EC1 /* turtle.png */ = {isa = PBXFileReference; lastKnownFileType = image.png; path = turtle.png; sourceTree = "<group>"; };
		2024356F1845961100DD8EC1 /* turtle@2x.png */ = {isa = PBXFileReference; lastKnownFileType = image.png; path = "turtle@2x.png"; sourceTree = "<group>"; };
		202435801845A4AD00DD8EC1 /* LTTableDrawerView.h */ = {isa = PBXFileReference; fileEncoding = 4; lastKnownFileType = sourcecode.c.h; path = LTTableDrawerView.h; sourceTree = "<group>"; };
		202435811845A4AD00DD8EC1 /* LTTableDrawerView.m */ = {isa = PBXFileReference; fileEncoding = 4; lastKnownFileType = sourcecode.c.objc; path = LTTableDrawerView.m; sourceTree = "<group>"; };
		20329D8B185CF2680082D958 /* LTScheduleTableViewController.h */ = {isa = PBXFileReference; fileEncoding = 4; lastKnownFileType = sourcecode.c.h; path = LTScheduleTableViewController.h; sourceTree = "<group>"; };
		20329D8C185CF2680082D958 /* LTScheduleTableViewController.m */ = {isa = PBXFileReference; fileEncoding = 4; lastKnownFileType = sourcecode.c.objc; path = LTScheduleTableViewController.m; sourceTree = "<group>"; };
		20329D8E185CF4FE0082D958 /* LTScheduleCell.h */ = {isa = PBXFileReference; fileEncoding = 4; lastKnownFileType = sourcecode.c.h; path = LTScheduleCell.h; sourceTree = "<group>"; };
		20329D8F185CF4FE0082D958 /* LTScheduleCell.m */ = {isa = PBXFileReference; fileEncoding = 4; lastKnownFileType = sourcecode.c.objc; path = LTScheduleCell.m; sourceTree = "<group>"; };
		203578F7184A8DBE00DAC1B8 /* Security.framework */ = {isa = PBXFileReference; lastKnownFileType = wrapper.framework; name = Security.framework; path = System/Library/Frameworks/Security.framework; sourceTree = SDKROOT; };
		203578FF184AAEBC00DAC1B8 /* Images.xcassets */ = {isa = PBXFileReference; lastKnownFileType = folder.assetcatalog; path = Images.xcassets; sourceTree = "<group>"; };
		2070264D18D1168F004DE165 /* LTBeaconsViewController.h */ = {isa = PBXFileReference; fileEncoding = 4; lastKnownFileType = sourcecode.c.h; path = LTBeaconsViewController.h; sourceTree = "<group>"; };
		2070264E18D1168F004DE165 /* LTBeaconsViewController.m */ = {isa = PBXFileReference; fileEncoding = 4; lastKnownFileType = sourcecode.c.objc; path = LTBeaconsViewController.m; sourceTree = "<group>"; };
		2070265318D141A3004DE165 /* LTBeaconManager.h */ = {isa = PBXFileReference; fileEncoding = 4; lastKnownFileType = sourcecode.c.h; path = LTBeaconManager.h; sourceTree = "<group>"; };
		2070265418D141A3004DE165 /* LTBeaconManager.m */ = {isa = PBXFileReference; fileEncoding = 4; lastKnownFileType = sourcecode.c.objc; path = LTBeaconManager.m; sourceTree = "<group>"; };
		2070265718D142FF004DE165 /* CoreBluetooth.framework */ = {isa = PBXFileReference; lastKnownFileType = wrapper.framework; name = CoreBluetooth.framework; path = System/Library/Frameworks/CoreBluetooth.framework; sourceTree = SDKROOT; };
		2070265918D1434D004DE165 /* CoreLocation.framework */ = {isa = PBXFileReference; lastKnownFileType = wrapper.framework; name = CoreLocation.framework; path = System/Library/Frameworks/CoreLocation.framework; sourceTree = SDKROOT; };
		2070994D185AB1AA004B9898 /* checkerboard.png */ = {isa = PBXFileReference; lastKnownFileType = image.png; path = checkerboard.png; sourceTree = "<group>"; };
		2070994E185AB1AA004B9898 /* checkerboard@2x.png */ = {isa = PBXFileReference; lastKnownFileType = image.png; path = "checkerboard@2x.png"; sourceTree = "<group>"; };
		2070994F185AB1AA004B9898 /* colorPickerKnob.png */ = {isa = PBXFileReference; lastKnownFileType = image.png; path = colorPickerKnob.png; sourceTree = "<group>"; };
		20709950185AB1AA004B9898 /* colorPickerKnob@2x.png */ = {isa = PBXFileReference; lastKnownFileType = image.png; path = "colorPickerKnob@2x.png"; sourceTree = "<group>"; };
		20709951185AB1AA004B9898 /* HSV.c */ = {isa = PBXFileReference; fileEncoding = 4; lastKnownFileType = sourcecode.c.c; path = HSV.c; sourceTree = "<group>"; };
		20709952185AB1AA004B9898 /* HSV.h */ = {isa = PBXFileReference; fileEncoding = 4; lastKnownFileType = sourcecode.c.h; path = HSV.h; sourceTree = "<group>"; };
		20709953185AB1AA004B9898 /* KZColorCompareView.h */ = {isa = PBXFileReference; fileEncoding = 4; lastKnownFileType = sourcecode.c.h; path = KZColorCompareView.h; sourceTree = "<group>"; };
		20709954185AB1AA004B9898 /* KZColorCompareView.m */ = {isa = PBXFileReference; fileEncoding = 4; lastKnownFileType = sourcecode.c.objc; path = KZColorCompareView.m; sourceTree = "<group>"; };
		20709955185AB1AA004B9898 /* KZColorPicker.h */ = {isa = PBXFileReference; fileEncoding = 4; lastKnownFileType = sourcecode.c.h; path = KZColorPicker.h; sourceTree = "<group>"; };
		20709956185AB1AA004B9898 /* KZColorPicker.m */ = {isa = PBXFileReference; fileEncoding = 4; lastKnownFileType = sourcecode.c.objc; path = KZColorPicker.m; sourceTree = "<group>"; };
		20709957185AB1AA004B9898 /* KZColorPickerAlphaSlider.h */ = {isa = PBXFileReference; fileEncoding = 4; lastKnownFileType = sourcecode.c.h; path = KZColorPickerAlphaSlider.h; sourceTree = "<group>"; };
		20709958185AB1AA004B9898 /* KZColorPickerAlphaSlider.m */ = {isa = PBXFileReference; fileEncoding = 4; lastKnownFileType = sourcecode.c.objc; path = KZColorPickerAlphaSlider.m; sourceTree = "<group>"; };
		20709959185AB1AA004B9898 /* KZColorPickerBrightnessSlider.h */ = {isa = PBXFileReference; fileEncoding = 4; lastKnownFileType = sourcecode.c.h; path = KZColorPickerBrightnessSlider.h; sourceTree = "<group>"; };
		2070995A185AB1AA004B9898 /* KZColorPickerBrightnessSlider.m */ = {isa = PBXFileReference; fileEncoding = 4; lastKnownFileType = sourcecode.c.objc; path = KZColorPickerBrightnessSlider.m; sourceTree = "<group>"; };
		2070995B185AB1AA004B9898 /* KZColorPickerHSWheel.h */ = {isa = PBXFileReference; fileEncoding = 4; lastKnownFileType = sourcecode.c.h; path = KZColorPickerHSWheel.h; sourceTree = "<group>"; };
		2070995C185AB1AA004B9898 /* KZColorPickerHSWheel.m */ = {isa = PBXFileReference; fileEncoding = 4; lastKnownFileType = sourcecode.c.objc; path = KZColorPickerHSWheel.m; sourceTree = "<group>"; };
		2070995D185AB1AA004B9898 /* KZColorPickerSwatchView.h */ = {isa = PBXFileReference; fileEncoding = 4; lastKnownFileType = sourcecode.c.h; path = KZColorPickerSwatchView.h; sourceTree = "<group>"; };
		2070995E185AB1AA004B9898 /* KZColorPickerSwatchView.m */ = {isa = PBXFileReference; fileEncoding = 4; lastKnownFileType = sourcecode.c.objc; path = KZColorPickerSwatchView.m; sourceTree = "<group>"; };
		2070995F185AB1AA004B9898 /* KZUnitSlider.h */ = {isa = PBXFileReference; fileEncoding = 4; lastKnownFileType = sourcecode.c.h; path = KZUnitSlider.h; sourceTree = "<group>"; };
		20709960185AB1AA004B9898 /* KZUnitSlider.m */ = {isa = PBXFileReference; fileEncoding = 4; lastKnownFileType = sourcecode.c.objc; path = KZUnitSlider.m; sourceTree = "<group>"; };
		20709961185AB1AA004B9898 /* pickerColorWheel.png */ = {isa = PBXFileReference; lastKnownFileType = image.png; path = pickerColorWheel.png; sourceTree = "<group>"; };
		20709962185AB1AA004B9898 /* pickerColorWheel@2x.png */ = {isa = PBXFileReference; lastKnownFileType = image.png; path = "pickerColorWheel@2x.png"; sourceTree = "<group>"; };
		20709963185AB1AA004B9898 /* UIColor-Expanded.h */ = {isa = PBXFileReference; fileEncoding = 4; lastKnownFileType = sourcecode.c.h; path = "UIColor-Expanded.h"; sourceTree = "<group>"; };
		20709964185AB1AA004B9898 /* UIColor-Expanded.m */ = {isa = PBXFileReference; fileEncoding = 4; lastKnownFileType = sourcecode.c.objc; path = "UIColor-Expanded.m"; sourceTree = "<group>"; };
		2070997A185ABC8D004B9898 /* LTColorAnimateViewController.h */ = {isa = PBXFileReference; fileEncoding = 4; lastKnownFileType = sourcecode.c.h; path = LTColorAnimateViewController.h; sourceTree = "<group>"; };
		2070997B185ABC8D004B9898 /* LTColorAnimateViewController.m */ = {isa = PBXFileReference; fileEncoding = 4; lastKnownFileType = sourcecode.c.objc; path = LTColorAnimateViewController.m; sourceTree = "<group>"; };
		20709981185ACC3B004B9898 /* LTColorSwatchesViewController.h */ = {isa = PBXFileReference; fileEncoding = 4; lastKnownFileType = sourcecode.c.h; path = LTColorSwatchesViewController.h; sourceTree = "<group>"; };
		20709982185ACC3B004B9898 /* LTColorSwatchesViewController.m */ = {isa = PBXFileReference; fileEncoding = 4; lastKnownFileType = sourcecode.c.objc; path = LTColorSwatchesViewController.m; sourceTree = "<group>"; };
		20A49A3A1846B40F004A0539 /* libTestFlight.a */ = {isa = PBXFileReference; lastKnownFileType = archive.ar; path = libTestFlight.a; sourceTree = "<group>"; };
		20A49A3C1846B41A004A0539 /* TestFlight.h */ = {isa = PBXFileReference; fileEncoding = 4; lastKnownFileType = sourcecode.c.h; path = TestFlight.h; sourceTree = "<group>"; };
		20A49A3D1846B41A004A0539 /* TestFlight+AsyncLogging.h */ = {isa = PBXFileReference; fileEncoding = 4; lastKnownFileType = sourcecode.c.h; path = "TestFlight+AsyncLogging.h"; sourceTree = "<group>"; };
		20A49A3E1846B41A004A0539 /* TestFlight+ManualSessions.h */ = {isa = PBXFileReference; fileEncoding = 4; lastKnownFileType = sourcecode.c.h; path = "TestFlight+ManualSessions.h"; sourceTree = "<group>"; };
		20A49A401846DDA1004A0539 /* libz.dylib */ = {isa = PBXFileReference; lastKnownFileType = "compiled.mach-o.dylib"; name = libz.dylib; path = usr/lib/libz.dylib; sourceTree = SDKROOT; };
		20B40968184664BE00F0016A /* LTSettingsViewController.h */ = {isa = PBXFileReference; fileEncoding = 4; lastKnownFileType = sourcecode.c.h; path = LTSettingsViewController.h; sourceTree = "<group>"; };
		20B40969184664BE00F0016A /* LTSettingsViewController.m */ = {isa = PBXFileReference; fileEncoding = 4; lastKnownFileType = sourcecode.c.objc; path = LTSettingsViewController.m; sourceTree = "<group>"; };
		20B4096B18466A1500F0016A /* LTColorBaseViewController.h */ = {isa = PBXFileReference; fileEncoding = 4; lastKnownFileType = sourcecode.c.h; path = LTColorBaseViewController.h; sourceTree = "<group>"; };
		20B4096C18466A1500F0016A /* LTColorBaseViewController.m */ = {isa = PBXFileReference; fileEncoding = 4; lastKnownFileType = sourcecode.c.objc; path = LTColorBaseViewController.m; sourceTree = "<group>"; };
		20B7167E1862ADA2002AA564 /* LTEventAddViewController.h */ = {isa = PBXFileReference; fileEncoding = 4; lastKnownFileType = sourcecode.c.h; path = LTEventAddViewController.h; sourceTree = "<group>"; };
		20B7167F1862ADA2002AA564 /* LTEventAddViewController.m */ = {isa = PBXFileReference; fileEncoding = 4; lastKnownFileType = sourcecode.c.objc; path = LTEventAddViewController.m; sourceTree = "<group>"; };
		20B716821862AFA3002AA564 /* LTGroupedTableViewController.h */ = {isa = PBXFileReference; fileEncoding = 4; lastKnownFileType = sourcecode.c.h; path = LTGroupedTableViewController.h; sourceTree = "<group>"; };
		20B716831862AFA3002AA564 /* LTGroupedTableViewController.m */ = {isa = PBXFileReference; fileEncoding = 4; lastKnownFileType = sourcecode.c.objc; path = LTGroupedTableViewController.m; sourceTree = "<group>"; };
		20C27AD1186E18BE002E6163 /* LTRoomCell.h */ = {isa = PBXFileReference; fileEncoding = 4; lastKnownFileType = sourcecode.c.h; path = LTRoomCell.h; sourceTree = "<group>"; };
		20C27AD2186E18BE002E6163 /* LTRoomCell.m */ = {isa = PBXFileReference; fileEncoding = 4; lastKnownFileType = sourcecode.c.objc; path = LTRoomCell.m; sourceTree = "<group>"; };
		20C533FD1862B25000E2FF7E /* LTScheduleAddViewController.h */ = {isa = PBXFileReference; fileEncoding = 4; lastKnownFileType = sourcecode.c.h; path = LTScheduleAddViewController.h; sourceTree = "<group>"; };
		20C533FE1862B25000E2FF7E /* LTScheduleAddViewController.m */ = {isa = PBXFileReference; fileEncoding = 4; lastKnownFileType = sourcecode.c.objc; path = LTScheduleAddViewController.m; sourceTree = "<group>"; };
		20C534011862B9C400E2FF7E /* LTDatePickerCell.h */ = {isa = PBXFileReference; fileEncoding = 4; lastKnownFileType = sourcecode.c.h; path = LTDatePickerCell.h; sourceTree = "<group>"; };
		20C534021862B9C400E2FF7E /* LTDatePickerCell.m */ = {isa = PBXFileReference; fileEncoding = 4; lastKnownFileType = sourcecode.c.objc; path = LTDatePickerCell.m; sourceTree = "<group>"; };
		8D0E8E36EC0F4B32AA11387D /* libPods.a */ = {isa = PBXFileReference; explicitFileType = archive.ar; includeInIndex = 0; path = libPods.a; sourceTree = BUILT_PRODUCTS_DIR; };
		A3029ED772BD495CA292EDF3 /* Pods.xcconfig */ = {isa = PBXFileReference; includeInIndex = 1; lastKnownFileType = text.xcconfig; name = Pods.xcconfig; path = Pods/Pods.xcconfig; sourceTree = "<group>"; };
/* End PBXFileReference section */

/* Begin PBXFrameworksBuildPhase section */
		202435181845926A00DD8EC1 /* Frameworks */ = {
			isa = PBXFrameworksBuildPhase;
			buildActionMask = 2147483647;
			files = (
				2070265A18D1434D004DE165 /* CoreLocation.framework in Frameworks */,
				203578F8184A8DBF00DAC1B8 /* Security.framework in Frameworks */,
				20A49A411846DDA1004A0539 /* libz.dylib in Frameworks */,
				20A49A3B1846B40F004A0539 /* libTestFlight.a in Frameworks */,
				202435211845926A00DD8EC1 /* CoreGraphics.framework in Frameworks */,
				202435231845926A00DD8EC1 /* UIKit.framework in Frameworks */,
				2024351F1845926A00DD8EC1 /* Foundation.framework in Frameworks */,
				41A7A9EBE8784F9194B187BE /* libPods.a in Frameworks */,
			);
			runOnlyForDeploymentPostprocessing = 0;
		};
		2024353F1845926A00DD8EC1 /* Frameworks */ = {
			isa = PBXFrameworksBuildPhase;
			buildActionMask = 2147483647;
			files = (
				202435441845926A00DD8EC1 /* XCTest.framework in Frameworks */,
				202435461845926A00DD8EC1 /* UIKit.framework in Frameworks */,
				202435451845926A00DD8EC1 /* Foundation.framework in Frameworks */,
			);
			runOnlyForDeploymentPostprocessing = 0;
		};
/* End PBXFrameworksBuildPhase section */

/* Begin PBXGroup section */
		2020034C186D3804008678EA /* X10 */ = {
			isa = PBXGroup;
			children = (
				2020034D186D3872008678EA /* LTX10BaseViewController.h */,
				2020034E186D3872008678EA /* LTX10BaseViewController.m */,
				202435591845937A00DD8EC1 /* LTX10DevicesViewController.h */,
				2024355A1845937A00DD8EC1 /* LTX10DevicesViewController.m */,
				20200350186D394A008678EA /* LTX10RoomsViewController.h */,
				20200351186D394A008678EA /* LTX10RoomsViewController.m */,
				20200353186D3956008678EA /* LTX10PresetsViewController.h */,
				20200354186D3956008678EA /* LTX10PresetsViewController.m */,
			);
			name = X10;
			sourceTree = "<group>";
		};
		202435121845926A00DD8EC1 = {
			isa = PBXGroup;
			children = (
				202435241845926A00DD8EC1 /* Lights */,
				202435491845926A00DD8EC1 /* LightsTests */,
				2024351D1845926A00DD8EC1 /* Frameworks */,
				2024351C1845926A00DD8EC1 /* Products */,
				A3029ED772BD495CA292EDF3 /* Pods.xcconfig */,
			);
			sourceTree = "<group>";
		};
		2024351C1845926A00DD8EC1 /* Products */ = {
			isa = PBXGroup;
			children = (
				2024351B1845926A00DD8EC1 /* Lights.app */,
				202435421845926A00DD8EC1 /* LightsTests.xctest */,
			);
			name = Products;
			sourceTree = "<group>";
		};
		2024351D1845926A00DD8EC1 /* Frameworks */ = {
			isa = PBXGroup;
			children = (
				2070265918D1434D004DE165 /* CoreLocation.framework */,
				2070265718D142FF004DE165 /* CoreBluetooth.framework */,
				203578F7184A8DBE00DAC1B8 /* Security.framework */,
				20A49A401846DDA1004A0539 /* libz.dylib */,
				20A49A3A1846B40F004A0539 /* libTestFlight.a */,
				2024351E1845926A00DD8EC1 /* Foundation.framework */,
				202435201845926A00DD8EC1 /* CoreGraphics.framework */,
				202435221845926A00DD8EC1 /* UIKit.framework */,
				202435431845926A00DD8EC1 /* XCTest.framework */,
				8D0E8E36EC0F4B32AA11387D /* libPods.a */,
			);
			name = Frameworks;
			sourceTree = "<group>";
		};
		202435241845926A00DD8EC1 /* Lights */ = {
			isa = PBXGroup;
			children = (
				2070994C185AB1AA004B9898 /* KZColorPicker */,
				2024352D1845926A00DD8EC1 /* LTAppDelegate.h */,
				2024352E1845926A00DD8EC1 /* LTAppDelegate.m */,
				2070265318D141A3004DE165 /* LTBeaconManager.h */,
				2070265418D141A3004DE165 /* LTBeaconManager.m */,
				20B7167A1862AD3A002AA564 /* View Controllers */,
				20B7167B1862AD4C002AA564 /* Views */,
				20A49A3F1846B41E004A0539 /* TestFlight */,
				2024355F184595E700DD8EC1 /* Images */,
				203578FF184AAEBC00DAC1B8 /* Images.xcassets */,
				202435251845926A00DD8EC1 /* Supporting Files */,
			);
			path = Lights;
			sourceTree = "<group>";
		};
		202435251845926A00DD8EC1 /* Supporting Files */ = {
			isa = PBXGroup;
			children = (
				202435261845926A00DD8EC1 /* Lights-Info.plist */,
				202435271845926A00DD8EC1 /* InfoPlist.strings */,
				2024352A1845926A00DD8EC1 /* main.m */,
				2024352C1845926A00DD8EC1 /* Lights-Prefix.pch */,
			);
			name = "Supporting Files";
			sourceTree = "<group>";
		};
		202435491845926A00DD8EC1 /* LightsTests */ = {
			isa = PBXGroup;
			children = (
				2024354F1845926A00DD8EC1 /* LightsTests.m */,
				2024354A1845926A00DD8EC1 /* Supporting Files */,
			);
			path = LightsTests;
			sourceTree = "<group>";
		};
		2024354A1845926A00DD8EC1 /* Supporting Files */ = {
			isa = PBXGroup;
			children = (
				2024354B1845926A00DD8EC1 /* LightsTests-Info.plist */,
				2024354C1845926A00DD8EC1 /* InfoPlist.strings */,
			);
			name = "Supporting Files";
			sourceTree = "<group>";
		};
		2024355F184595E700DD8EC1 /* Images */ = {
			isa = PBXGroup;
			children = (
				202435601845961100DD8EC1 /* dark.png */,
				202435611845961100DD8EC1 /* dark@2x.png */,
				202435621845961100DD8EC1 /* flower.png */,
				202435631845961100DD8EC1 /* flower@2x.png */,
				202435641845961100DD8EC1 /* gear.png */,
				202435651845961100DD8EC1 /* gear@2x.png */,
				202435661845961100DD8EC1 /* house.png */,
				202435671845961100DD8EC1 /* house@2x.png */,
				202435681845961100DD8EC1 /* now.png */,
				202435691845961100DD8EC1 /* now@2x.png */,
				2024356A1845961100DD8EC1 /* rabbit.png */,
				2024356B1845961100DD8EC1 /* rabbit@2x.png */,
				2024356C1845961100DD8EC1 /* schedule.png */,
				2024356D1845961100DD8EC1 /* schedule@2x.png */,
				2024356E1845961100DD8EC1 /* turtle.png */,
				2024356F1845961100DD8EC1 /* turtle@2x.png */,
			);
			name = Images;
			sourceTree = "<group>";
		};
		2070994C185AB1AA004B9898 /* KZColorPicker */ = {
			isa = PBXGroup;
			children = (
				2070994D185AB1AA004B9898 /* checkerboard.png */,
				2070994E185AB1AA004B9898 /* checkerboard@2x.png */,
				2070994F185AB1AA004B9898 /* colorPickerKnob.png */,
				20709950185AB1AA004B9898 /* colorPickerKnob@2x.png */,
				20709951185AB1AA004B9898 /* HSV.c */,
				20709952185AB1AA004B9898 /* HSV.h */,
				20709953185AB1AA004B9898 /* KZColorCompareView.h */,
				20709954185AB1AA004B9898 /* KZColorCompareView.m */,
				20709955185AB1AA004B9898 /* KZColorPicker.h */,
				20709956185AB1AA004B9898 /* KZColorPicker.m */,
				20709957185AB1AA004B9898 /* KZColorPickerAlphaSlider.h */,
				20709958185AB1AA004B9898 /* KZColorPickerAlphaSlider.m */,
				20709959185AB1AA004B9898 /* KZColorPickerBrightnessSlider.h */,
				2070995A185AB1AA004B9898 /* KZColorPickerBrightnessSlider.m */,
				2070995B185AB1AA004B9898 /* KZColorPickerHSWheel.h */,
				2070995C185AB1AA004B9898 /* KZColorPickerHSWheel.m */,
				2070995D185AB1AA004B9898 /* KZColorPickerSwatchView.h */,
				2070995E185AB1AA004B9898 /* KZColorPickerSwatchView.m */,
				2070995F185AB1AA004B9898 /* KZUnitSlider.h */,
				20709960185AB1AA004B9898 /* KZUnitSlider.m */,
				20709961185AB1AA004B9898 /* pickerColorWheel.png */,
				20709962185AB1AA004B9898 /* pickerColorWheel@2x.png */,
				20709963185AB1AA004B9898 /* UIColor-Expanded.h */,
				20709964185AB1AA004B9898 /* UIColor-Expanded.m */,
			);
			name = KZColorPicker;
			path = ColorPicker;
			sourceTree = "<group>";
		};
		20A49A3F1846B41E004A0539 /* TestFlight */ = {
			isa = PBXGroup;
			children = (
				20A49A3C1846B41A004A0539 /* TestFlight.h */,
				20A49A3D1846B41A004A0539 /* TestFlight+AsyncLogging.h */,
				20A49A3E1846B41A004A0539 /* TestFlight+ManualSessions.h */,
			);
			name = TestFlight;
			sourceTree = "<group>";
		};
		20B7167A1862AD3A002AA564 /* View Controllers */ = {
			isa = PBXGroup;
			children = (
				2020034C186D3804008678EA /* X10 */,
				20B7167D1862AD7E002AA564 /* Colors */,
				20B716811862AF27002AA564 /* Schedule */,
				20B7167E1862ADA2002AA564 /* LTEventAddViewController.h */,
				20B7167F1862ADA2002AA564 /* LTEventAddViewController.m */,
				2024355C1845952D00DD8EC1 /* LTLoadingViewController.h */,
				2024355D1845952D00DD8EC1 /* LTLoadingViewController.m */,
				20B40968184664BE00F0016A /* LTSettingsViewController.h */,
				20B40969184664BE00F0016A /* LTSettingsViewController.m */,
				20B716821862AFA3002AA564 /* LTGroupedTableViewController.h */,
				20B716831862AFA3002AA564 /* LTGroupedTableViewController.m */,
				2070264D18D1168F004DE165 /* LTBeaconsViewController.h */,
				2070264E18D1168F004DE165 /* LTBeaconsViewController.m */,
			);
			name = "View Controllers";
			sourceTree = "<group>";
		};
		20B7167B1862AD4C002AA564 /* Views */ = {
			isa = PBXGroup;
			children = (
				20C534001862B9AE00E2FF7E /* Table View Cells */,
				202435801845A4AD00DD8EC1 /* LTTableDrawerView.h */,
				202435811845A4AD00DD8EC1 /* LTTableDrawerView.m */,
				201DA55E184ED6A80061E8C3 /* LTInnerShadowView.h */,
				201DA55F184ED6A80061E8C3 /* LTInnerShadowView.m */,
			);
			name = Views;
			sourceTree = "<group>";
		};
		20B7167D1862AD7E002AA564 /* Colors */ = {
			isa = PBXGroup;
			children = (
				20B4096B18466A1500F0016A /* LTColorBaseViewController.h */,
				20B4096C18466A1500F0016A /* LTColorBaseViewController.m */,
				201B38AD1859684900921132 /* LTColorWheelViewController.h */,
				201B38AE1859684900921132 /* LTColorWheelViewController.m */,
				2070997A185ABC8D004B9898 /* LTColorAnimateViewController.h */,
				2070997B185ABC8D004B9898 /* LTColorAnimateViewController.m */,
				20709981185ACC3B004B9898 /* LTColorSwatchesViewController.h */,
				20709982185ACC3B004B9898 /* LTColorSwatchesViewController.m */,
			);
			name = Colors;
			sourceTree = "<group>";
		};
		20B716811862AF27002AA564 /* Schedule */ = {
			isa = PBXGroup;
			children = (
				20329D8B185CF2680082D958 /* LTScheduleTableViewController.h */,
				20329D8C185CF2680082D958 /* LTScheduleTableViewController.m */,
				20C533FD1862B25000E2FF7E /* LTScheduleAddViewController.h */,
				20C533FE1862B25000E2FF7E /* LTScheduleAddViewController.m */,
			);
			name = Schedule;
			sourceTree = "<group>";
		};
		20C534001862B9AE00E2FF7E /* Table View Cells */ = {
			isa = PBXGroup;
			children = (
				201DA55B184EC5D00061E8C3 /* LTPanningTableViewCell.h */,
				201DA55C184EC5D00061E8C3 /* LTPanningTableViewCell.m */,
				20329D8E185CF4FE0082D958 /* LTScheduleCell.h */,
				20329D8F185CF4FE0082D958 /* LTScheduleCell.m */,
				20C534011862B9C400E2FF7E /* LTDatePickerCell.h */,
				20C534021862B9C400E2FF7E /* LTDatePickerCell.m */,
				20C27AD1186E18BE002E6163 /* LTRoomCell.h */,
				20C27AD2186E18BE002E6163 /* LTRoomCell.m */,
			);
			name = "Table View Cells";
			sourceTree = "<group>";
		};
/* End PBXGroup section */

/* Begin PBXNativeTarget section */
		2024351A1845926A00DD8EC1 /* Lights */ = {
			isa = PBXNativeTarget;
			buildConfigurationList = 202435531845926A00DD8EC1 /* Build configuration list for PBXNativeTarget "Lights" */;
			buildPhases = (
				5D89F875D1084B5A8E00D460 /* Check Pods Manifest.lock */,
				202435171845926A00DD8EC1 /* Sources */,
				202435181845926A00DD8EC1 /* Frameworks */,
				202435191845926A00DD8EC1 /* Resources */,
				DCD0F54EE0D840E4A06BEF52 /* Copy Pods Resources */,
			);
			buildRules = (
			);
			dependencies = (
			);
			name = Lights;
			productName = Lights;
			productReference = 2024351B1845926A00DD8EC1 /* Lights.app */;
			productType = "com.apple.product-type.application";
		};
		202435411845926A00DD8EC1 /* LightsTests */ = {
			isa = PBXNativeTarget;
			buildConfigurationList = 202435561845926A00DD8EC1 /* Build configuration list for PBXNativeTarget "LightsTests" */;
			buildPhases = (
				2024353E1845926A00DD8EC1 /* Sources */,
				2024353F1845926A00DD8EC1 /* Frameworks */,
				202435401845926A00DD8EC1 /* Resources */,
			);
			buildRules = (
			);
			dependencies = (
				202435481845926A00DD8EC1 /* PBXTargetDependency */,
			);
			name = LightsTests;
			productName = LightsTests;
			productReference = 202435421845926A00DD8EC1 /* LightsTests.xctest */;
			productType = "com.apple.product-type.bundle.unit-test";
		};
/* End PBXNativeTarget section */

/* Begin PBXProject section */
		202435131845926A00DD8EC1 /* Project object */ = {
			isa = PBXProject;
			attributes = {
				CLASSPREFIX = LT;
				LastUpgradeCheck = 0500;
				ORGANIZATIONNAME = "Evan Coleman";
				TargetAttributes = {
					2024351A1845926A00DD8EC1 = {
						DevelopmentTeam = 52M9C6892K;
					};
					202435411845926A00DD8EC1 = {
						TestTargetID = 2024351A1845926A00DD8EC1;
					};
				};
			};
			buildConfigurationList = 202435161845926A00DD8EC1 /* Build configuration list for PBXProject "Lights" */;
			compatibilityVersion = "Xcode 3.2";
			developmentRegion = English;
			hasScannedForEncodings = 0;
			knownRegions = (
				en,
				Base,
			);
			mainGroup = 202435121845926A00DD8EC1;
			productRefGroup = 2024351C1845926A00DD8EC1 /* Products */;
			projectDirPath = "";
			projectRoot = "";
			targets = (
				2024351A1845926A00DD8EC1 /* Lights */,
				202435411845926A00DD8EC1 /* LightsTests */,
			);
		};
/* End PBXProject section */

/* Begin PBXResourcesBuildPhase section */
		202435191845926A00DD8EC1 /* Resources */ = {
			isa = PBXResourcesBuildPhase;
			buildActionMask = 2147483647;
			files = (
				2024357C1845961100DD8EC1 /* schedule.png in Resources */,
				20709965185AB1AA004B9898 /* checkerboard.png in Resources */,
				202435761845961100DD8EC1 /* house.png in Resources */,
				2024357A1845961100DD8EC1 /* rabbit.png in Resources */,
				2024357F1845961100DD8EC1 /* turtle@2x.png in Resources */,
				20709971185AB1AA004B9898 /* pickerColorWheel.png in Resources */,
				20709972185AB1AA004B9898 /* pickerColorWheel@2x.png in Resources */,
				20709966185AB1AA004B9898 /* checkerboard@2x.png in Resources */,
				202435741845961100DD8EC1 /* gear.png in Resources */,
				20357900184AAEBC00DAC1B8 /* Images.xcassets in Resources */,
				202435291845926A00DD8EC1 /* InfoPlist.strings in Resources */,
				202435711845961100DD8EC1 /* dark@2x.png in Resources */,
				2024357B1845961100DD8EC1 /* rabbit@2x.png in Resources */,
				202435721845961100DD8EC1 /* flower.png in Resources */,
				2024357D1845961100DD8EC1 /* schedule@2x.png in Resources */,
				202435701845961100DD8EC1 /* dark.png in Resources */,
				20709967185AB1AA004B9898 /* colorPickerKnob.png in Resources */,
				202435791845961100DD8EC1 /* now@2x.png in Resources */,
				202435771845961100DD8EC1 /* house@2x.png in Resources */,
				2024357E1845961100DD8EC1 /* turtle.png in Resources */,
				202435731845961100DD8EC1 /* flower@2x.png in Resources */,
				202435781845961100DD8EC1 /* now.png in Resources */,
				20709968185AB1AA004B9898 /* colorPickerKnob@2x.png in Resources */,
				202435751845961100DD8EC1 /* gear@2x.png in Resources */,
			);
			runOnlyForDeploymentPostprocessing = 0;
		};
		202435401845926A00DD8EC1 /* Resources */ = {
			isa = PBXResourcesBuildPhase;
			buildActionMask = 2147483647;
			files = (
				2024354E1845926A00DD8EC1 /* InfoPlist.strings in Resources */,
			);
			runOnlyForDeploymentPostprocessing = 0;
		};
/* End PBXResourcesBuildPhase section */

/* Begin PBXShellScriptBuildPhase section */
		5D89F875D1084B5A8E00D460 /* Check Pods Manifest.lock */ = {
			isa = PBXShellScriptBuildPhase;
			buildActionMask = 2147483647;
			files = (
			);
			inputPaths = (
			);
			name = "Check Pods Manifest.lock";
			outputPaths = (
			);
			runOnlyForDeploymentPostprocessing = 0;
			shellPath = /bin/sh;
			shellScript = "diff \"${PODS_ROOT}/../Podfile.lock\" \"${PODS_ROOT}/Manifest.lock\" > /dev/null\nif [[ $? != 0 ]] ; then\n    cat << EOM\nerror: The sandbox is not in sync with the Podfile.lock. Run 'pod install' or update your CocoaPods installation.\nEOM\n    exit 1\nfi\n";
			showEnvVarsInLog = 0;
		};
		DCD0F54EE0D840E4A06BEF52 /* Copy Pods Resources */ = {
			isa = PBXShellScriptBuildPhase;
			buildActionMask = 2147483647;
			files = (
			);
			inputPaths = (
			);
			name = "Copy Pods Resources";
			outputPaths = (
			);
			runOnlyForDeploymentPostprocessing = 0;
			shellPath = /bin/sh;
			shellScript = "\"${SRCROOT}/Pods/Pods-resources.sh\"\n";
			showEnvVarsInLog = 0;
		};
/* End PBXShellScriptBuildPhase section */

/* Begin PBXSourcesBuildPhase section */
		202435171845926A00DD8EC1 /* Sources */ = {
			isa = PBXSourcesBuildPhase;
			buildActionMask = 2147483647;
			files = (
				20C27AD3186E18BE002E6163 /* LTRoomCell.m in Sources */,
				20B716841862AFA3002AA564 /* LTGroupedTableViewController.m in Sources */,
				20709969185AB1AA004B9898 /* HSV.c in Sources */,
				2070996D185AB1AA004B9898 /* KZColorPickerBrightnessSlider.m in Sources */,
				201DA560184ED6A80061E8C3 /* LTInnerShadowView.m in Sources */,
				20329D90185CF4FE0082D958 /* LTScheduleCell.m in Sources */,
				20709970185AB1AA004B9898 /* KZUnitSlider.m in Sources */,
				2070996E185AB1AA004B9898 /* KZColorPickerHSWheel.m in Sources */,
				20200355186D3956008678EA /* LTX10PresetsViewController.m in Sources */,
				20709973185AB1AA004B9898 /* UIColor-Expanded.m in Sources */,
				20C534031862B9C400E2FF7E /* LTDatePickerCell.m in Sources */,
				20B716801862ADA2002AA564 /* LTEventAddViewController.m in Sources */,
				2070996C185AB1AA004B9898 /* KZColorPickerAlphaSlider.m in Sources */,
				2070996F185AB1AA004B9898 /* KZColorPickerSwatchView.m in Sources */,
				2070264F18D1168F004DE165 /* LTBeaconsViewController.m in Sources */,
				20329D8D185CF2680082D958 /* LTScheduleTableViewController.m in Sources */,
				2024352F1845926A00DD8EC1 /* LTAppDelegate.m in Sources */,
				201DA55D184EC5D00061E8C3 /* LTPanningTableViewCell.m in Sources */,
				20B4096D18466A1500F0016A /* LTColorBaseViewController.m in Sources */,
				201B38AF1859684900921132 /* LTColorWheelViewController.m in Sources */,
				2070996B185AB1AA004B9898 /* KZColorPicker.m in Sources */,
				20C533FF1862B25000E2FF7E /* LTScheduleAddViewController.m in Sources */,
				202435821845A4AD00DD8EC1 /* LTTableDrawerView.m in Sources */,
				20200352186D394A008678EA /* LTX10RoomsViewController.m in Sources */,
				2070997C185ABC8D004B9898 /* LTColorAnimateViewController.m in Sources */,
				2024355E1845952D00DD8EC1 /* LTLoadingViewController.m in Sources */,
				20B4096A184664BE00F0016A /* LTSettingsViewController.m in Sources */,
				2070996A185AB1AA004B9898 /* KZColorCompareView.m in Sources */,
				20709983185ACC3B004B9898 /* LTColorSwatchesViewController.m in Sources */,
				2024355B1845937A00DD8EC1 /* LTX10DevicesViewController.m in Sources */,
				2024352B1845926A00DD8EC1 /* main.m in Sources */,
				2020034F186D3872008678EA /* LTX10BaseViewController.m in Sources */,
				2070265518D141A3004DE165 /* LTBeaconManager.m in Sources */,
			);
			runOnlyForDeploymentPostprocessing = 0;
		};
		2024353E1845926A00DD8EC1 /* Sources */ = {
			isa = PBXSourcesBuildPhase;
			buildActionMask = 2147483647;
			files = (
				202435501845926A00DD8EC1 /* LightsTests.m in Sources */,
			);
			runOnlyForDeploymentPostprocessing = 0;
		};
/* End PBXSourcesBuildPhase section */

/* Begin PBXTargetDependency section */
		202435481845926A00DD8EC1 /* PBXTargetDependency */ = {
			isa = PBXTargetDependency;
			target = 2024351A1845926A00DD8EC1 /* Lights */;
			targetProxy = 202435471845926A00DD8EC1 /* PBXContainerItemProxy */;
		};
/* End PBXTargetDependency section */

/* Begin PBXVariantGroup section */
		202435271845926A00DD8EC1 /* InfoPlist.strings */ = {
			isa = PBXVariantGroup;
			children = (
				202435281845926A00DD8EC1 /* en */,
			);
			name = InfoPlist.strings;
			sourceTree = "<group>";
		};
		2024354C1845926A00DD8EC1 /* InfoPlist.strings */ = {
			isa = PBXVariantGroup;
			children = (
				2024354D1845926A00DD8EC1 /* en */,
			);
			name = InfoPlist.strings;
			sourceTree = "<group>";
		};
/* End PBXVariantGroup section */

/* Begin XCBuildConfiguration section */
		202435511845926A00DD8EC1 /* Debug */ = {
			isa = XCBuildConfiguration;
			buildSettings = {
				ALWAYS_SEARCH_USER_PATHS = NO;
				CLANG_CXX_LANGUAGE_STANDARD = "gnu++0x";
				CLANG_CXX_LIBRARY = "libc++";
				CLANG_ENABLE_MODULES = YES;
				CLANG_ENABLE_OBJC_ARC = YES;
				CLANG_WARN_BOOL_CONVERSION = YES;
				CLANG_WARN_CONSTANT_CONVERSION = YES;
				CLANG_WARN_DIRECT_OBJC_ISA_USAGE = YES_ERROR;
				CLANG_WARN_EMPTY_BODY = YES;
				CLANG_WARN_ENUM_CONVERSION = YES;
				CLANG_WARN_INT_CONVERSION = YES;
				CLANG_WARN_OBJC_ROOT_CLASS = YES_ERROR;
				CLANG_WARN__DUPLICATE_METHOD_MATCH = YES;
				"CODE_SIGN_IDENTITY[sdk=iphoneos*]" = "iPhone Developer";
				COPY_PHASE_STRIP = NO;
				GCC_C_LANGUAGE_STANDARD = gnu99;
				GCC_DYNAMIC_NO_PIC = NO;
				GCC_OPTIMIZATION_LEVEL = 0;
				GCC_PREPROCESSOR_DEFINITIONS = (
					"DEBUG=1",
					"$(inherited)",
				);
				GCC_SYMBOLS_PRIVATE_EXTERN = NO;
				GCC_WARN_64_TO_32_BIT_CONVERSION = YES;
				GCC_WARN_ABOUT_RETURN_TYPE = YES_ERROR;
				GCC_WARN_UNDECLARED_SELECTOR = YES;
				GCC_WARN_UNINITIALIZED_AUTOS = YES;
				GCC_WARN_UNUSED_FUNCTION = YES;
				GCC_WARN_UNUSED_VARIABLE = YES;
				IPHONEOS_DEPLOYMENT_TARGET = 7.0;
				ONLY_ACTIVE_ARCH = YES;
				SDKROOT = iphoneos;
				TARGETED_DEVICE_FAMILY = "1,2";
			};
			name = Debug;
		};
		202435521845926A00DD8EC1 /* Release */ = {
			isa = XCBuildConfiguration;
			buildSettings = {
				ALWAYS_SEARCH_USER_PATHS = NO;
				CLANG_CXX_LANGUAGE_STANDARD = "gnu++0x";
				CLANG_CXX_LIBRARY = "libc++";
				CLANG_ENABLE_MODULES = YES;
				CLANG_ENABLE_OBJC_ARC = YES;
				CLANG_WARN_BOOL_CONVERSION = YES;
				CLANG_WARN_CONSTANT_CONVERSION = YES;
				CLANG_WARN_DIRECT_OBJC_ISA_USAGE = YES_ERROR;
				CLANG_WARN_EMPTY_BODY = YES;
				CLANG_WARN_ENUM_CONVERSION = YES;
				CLANG_WARN_INT_CONVERSION = YES;
				CLANG_WARN_OBJC_ROOT_CLASS = YES_ERROR;
				CLANG_WARN__DUPLICATE_METHOD_MATCH = YES;
				"CODE_SIGN_IDENTITY[sdk=iphoneos*]" = "iPhone Developer";
				COPY_PHASE_STRIP = YES;
				ENABLE_NS_ASSERTIONS = NO;
				GCC_C_LANGUAGE_STANDARD = gnu99;
				GCC_WARN_64_TO_32_BIT_CONVERSION = YES;
				GCC_WARN_ABOUT_RETURN_TYPE = YES_ERROR;
				GCC_WARN_UNDECLARED_SELECTOR = YES;
				GCC_WARN_UNINITIALIZED_AUTOS = YES;
				GCC_WARN_UNUSED_FUNCTION = YES;
				GCC_WARN_UNUSED_VARIABLE = YES;
				IPHONEOS_DEPLOYMENT_TARGET = 7.0;
				SDKROOT = iphoneos;
				TARGETED_DEVICE_FAMILY = "1,2";
				VALIDATE_PRODUCT = YES;
			};
			name = Release;
		};
		202435541845926A00DD8EC1 /* Debug */ = {
			isa = XCBuildConfiguration;
			baseConfigurationReference = A3029ED772BD495CA292EDF3 /* Pods.xcconfig */;
			buildSettings = {
				ARCHS = "$(ARCHS_STANDARD)";
				ASSETCATALOG_COMPILER_APPICON_NAME = AppIcon;
				ASSETCATALOG_COMPILER_LAUNCHIMAGE_NAME = LaunchImage;
				CODE_SIGN_IDENTITY = "iPhone Developer";
				"CODE_SIGN_IDENTITY[sdk=iphoneos*]" = "iPhone Developer";
				GCC_PRECOMPILE_PREFIX_HEADER = YES;
				GCC_PREFIX_HEADER = "Lights/Lights-Prefix.pch";
				INFOPLIST_FILE = "Lights/Lights-Info.plist";
				LIBRARY_SEARCH_PATHS = (
					"$(inherited)",
					"$(SRCROOT)",
				);
				PRODUCT_NAME = "$(TARGET_NAME)";
				PROVISIONING_PROFILE = "";
				TARGETED_DEVICE_FAMILY = 1;
				VALID_ARCHS = "armv7 armv7s";
				WRAPPER_EXTENSION = app;
			};
			name = Debug;
		};
		202435551845926A00DD8EC1 /* Release */ = {
			isa = XCBuildConfiguration;
			baseConfigurationReference = A3029ED772BD495CA292EDF3 /* Pods.xcconfig */;
			buildSettings = {
				ARCHS = "$(ARCHS_STANDARD)";
				ASSETCATALOG_COMPILER_APPICON_NAME = AppIcon;
				ASSETCATALOG_COMPILER_LAUNCHIMAGE_NAME = LaunchImage;
				CODE_SIGN_IDENTITY = "iPhone Developer";
				"CODE_SIGN_IDENTITY[sdk=iphoneos*]" = "iPhone Developer";
				GCC_PRECOMPILE_PREFIX_HEADER = YES;
				GCC_PREFIX_HEADER = "Lights/Lights-Prefix.pch";
				INFOPLIST_FILE = "Lights/Lights-Info.plist";
				LIBRARY_SEARCH_PATHS = (
					"$(inherited)",
					"$(SRCROOT)",
				);
				PRODUCT_NAME = "$(TARGET_NAME)";
				PROVISIONING_PROFILE = "";
				TARGETED_DEVICE_FAMILY = 1;
				VALID_ARCHS = "armv7 armv7s";
				WRAPPER_EXTENSION = app;
			};
			name = Release;
		};
		202435571845926A00DD8EC1 /* Debug */ = {
			isa = XCBuildConfiguration;
			buildSettings = {
				ARCHS = "$(ARCHS_STANDARD_INCLUDING_64_BIT)";
				BUNDLE_LOADER = "$(BUILT_PRODUCTS_DIR)/Lights.app/Lights";
				FRAMEWORK_SEARCH_PATHS = (
					"$(SDKROOT)/Developer/Library/Frameworks",
					"$(inherited)",
					"$(DEVELOPER_FRAMEWORKS_DIR)",
				);
				GCC_PRECOMPILE_PREFIX_HEADER = YES;
				GCC_PREFIX_HEADER = "Lights/Lights-Prefix.pch";
				GCC_PREPROCESSOR_DEFINITIONS = (
					"DEBUG=1",
					"$(inherited)",
				);
				INFOPLIST_FILE = "LightsTests/LightsTests-Info.plist";
				PRODUCT_NAME = "$(TARGET_NAME)";
				TEST_HOST = "$(BUNDLE_LOADER)";
				WRAPPER_EXTENSION = xctest;
			};
			name = Debug;
		};
		202435581845926A00DD8EC1 /* Release */ = {
			isa = XCBuildConfiguration;
			buildSettings = {
				ARCHS = "$(ARCHS_STANDARD_INCLUDING_64_BIT)";
				BUNDLE_LOADER = "$(BUILT_PRODUCTS_DIR)/Lights.app/Lights";
				FRAMEWORK_SEARCH_PATHS = (
					"$(SDKROOT)/Developer/Library/Frameworks",
					"$(inherited)",
					"$(DEVELOPER_FRAMEWORKS_DIR)",
				);
				GCC_PRECOMPILE_PREFIX_HEADER = YES;
				GCC_PREFIX_HEADER = "Lights/Lights-Prefix.pch";
				INFOPLIST_FILE = "LightsTests/LightsTests-Info.plist";
				PRODUCT_NAME = "$(TARGET_NAME)";
				TEST_HOST = "$(BUNDLE_LOADER)";
				WRAPPER_EXTENSION = xctest;
			};
			name = Release;
		};
/* End XCBuildConfiguration section */

/* Begin XCConfigurationList section */
		202435161845926A00DD8EC1 /* Build configuration list for PBXProject "Lights" */ = {
			isa = XCConfigurationList;
			buildConfigurations = (
				202435511845926A00DD8EC1 /* Debug */,
				202435521845926A00DD8EC1 /* Release */,
			);
			defaultConfigurationIsVisible = 0;
			defaultConfigurationName = Release;
		};
		202435531845926A00DD8EC1 /* Build configuration list for PBXNativeTarget "Lights" */ = {
			isa = XCConfigurationList;
			buildConfigurations = (
				202435541845926A00DD8EC1 /* Debug */,
				202435551845926A00DD8EC1 /* Release */,
			);
			defaultConfigurationIsVisible = 0;
			defaultConfigurationName = Release;
		};
		202435561845926A00DD8EC1 /* Build configuration list for PBXNativeTarget "LightsTests" */ = {
			isa = XCConfigurationList;
			buildConfigurations = (
				202435571845926A00DD8EC1 /* Debug */,
				202435581845926A00DD8EC1 /* Release */,
			);
			defaultConfigurationIsVisible = 0;
			defaultConfigurationName = Release;
		};
/* End XCConfigurationList section */
	};
	rootObject = 202435131845926A00DD8EC1 /* Project object */;
}
